// !$*UTF8*$!
{
	archiveVersion = 1;
	classes = {
	};
	objectVersion = 46;
	objects = {

/* Begin PBXBuildFile section */
		414682CC1E20FFE500A71CD1 /* SmartMediaTests.swift in Sources */ = {isa = PBXBuildFile; fileRef = 414682CB1E20FFE500A71CD1 /* SmartMediaTests.swift */; };
		414682D51E215F4B00A71CD1 /* Constants.swift in Sources */ = {isa = PBXBuildFile; fileRef = 414682D41E215F4B00A71CD1 /* Constants.swift */; };
		41A528AA1DE6F9BF0041B675 /* AppDelegate.swift in Sources */ = {isa = PBXBuildFile; fileRef = 41A528A91DE6F9BF0041B675 /* AppDelegate.swift */; };
		41A528B11DE6F9BF0041B675 /* Assets.xcassets in Resources */ = {isa = PBXBuildFile; fileRef = 41A528B01DE6F9BF0041B675 /* Assets.xcassets */; };
		41A528B41DE6F9BF0041B675 /* LaunchScreen.storyboard in Resources */ = {isa = PBXBuildFile; fileRef = 41A528B21DE6F9BF0041B675 /* LaunchScreen.storyboard */; };
		41A528C11DE6FC210041B675 /* NavigationController.swift in Sources */ = {isa = PBXBuildFile; fileRef = 41A528C01DE6FC210041B675 /* NavigationController.swift */; };
		41A528C31DE6FCCB0041B675 /* Navigation.xib in Resources */ = {isa = PBXBuildFile; fileRef = 41A528C21DE6FCCB0041B675 /* Navigation.xib */; };
		41A528CD1DE738AE0041B675 /* MediaController.swift in Sources */ = {isa = PBXBuildFile; fileRef = 41A528CC1DE738AE0041B675 /* MediaController.swift */; };
		41A528CF1DE739100041B675 /* Media.xib in Resources */ = {isa = PBXBuildFile; fileRef = 41A528CE1DE739100041B675 /* Media.xib */; };
		41A528D11DE739190041B675 /* MediaCell.xib in Resources */ = {isa = PBXBuildFile; fileRef = 41A528D01DE739190041B675 /* MediaCell.xib */; };
		41A528D31DE739970041B675 /* MediaCellController.swift in Sources */ = {isa = PBXBuildFile; fileRef = 41A528D21DE739970041B675 /* MediaCellController.swift */; };
		41A528D51DE875490041B675 /* Sound.swift in Sources */ = {isa = PBXBuildFile; fileRef = 41A528D41DE875490041B675 /* Sound.swift */; };
		41A528D71DE8985F0041B675 /* AVFoundation.framework in Frameworks */ = {isa = PBXBuildFile; fileRef = 41A528D61DE8985F0041B675 /* AVFoundation.framework */; };
		41A528D91DEB56100041B675 /* UploadController.swift in Sources */ = {isa = PBXBuildFile; fileRef = 41A528D81DEB56100041B675 /* UploadController.swift */; };
		41A528DB1DEB561B0041B675 /* Upload.xib in Resources */ = {isa = PBXBuildFile; fileRef = 41A528DA1DEB561B0041B675 /* Upload.xib */; };
		41A528DD1DEB5F810041B675 /* Localizable.strings in Resources */ = {isa = PBXBuildFile; fileRef = 41A528BB1DE6FAEC0041B675 /* Localizable.strings */; };
		4C3B040783AFE0D2A4075F64 /* Pods_SmartMedia.framework in Frameworks */ = {isa = PBXBuildFile; fileRef = BF39B7F5FC81AE876F247F00 /* Pods_SmartMedia.framework */; };
/* End PBXBuildFile section */

/* Begin PBXContainerItemProxy section */
		414682CE1E20FFE500A71CD1 /* PBXContainerItemProxy */ = {
			isa = PBXContainerItemProxy;
			containerPortal = 41A5289E1DE6F9BF0041B675 /* Project object */;
			proxyType = 1;
			remoteGlobalIDString = 41A528A51DE6F9BF0041B675;
			remoteInfo = SmartMedia;
		};
/* End PBXContainerItemProxy section */

/* Begin PBXFileReference section */
		414682C91E20FFE500A71CD1 /* SmartMediaTests.xctest */ = {isa = PBXFileReference; explicitFileType = wrapper.cfbundle; includeInIndex = 0; path = SmartMediaTests.xctest; sourceTree = BUILT_PRODUCTS_DIR; };
		414682CB1E20FFE500A71CD1 /* SmartMediaTests.swift */ = {isa = PBXFileReference; lastKnownFileType = sourcecode.swift; path = SmartMediaTests.swift; sourceTree = "<group>"; };
		414682CD1E20FFE500A71CD1 /* Info.plist */ = {isa = PBXFileReference; lastKnownFileType = text.plist.xml; path = Info.plist; sourceTree = "<group>"; };
		414682D41E215F4B00A71CD1 /* Constants.swift */ = {isa = PBXFileReference; fileEncoding = 4; lastKnownFileType = sourcecode.swift; path = Constants.swift; sourceTree = "<group>"; };
		41A528A61DE6F9BF0041B675 /* SmartMedia.app */ = {isa = PBXFileReference; explicitFileType = wrapper.application; includeInIndex = 0; path = SmartMedia.app; sourceTree = BUILT_PRODUCTS_DIR; };
		41A528A91DE6F9BF0041B675 /* AppDelegate.swift */ = {isa = PBXFileReference; lastKnownFileType = sourcecode.swift; path = AppDelegate.swift; sourceTree = "<group>"; };
		41A528B01DE6F9BF0041B675 /* Assets.xcassets */ = {isa = PBXFileReference; lastKnownFileType = folder.assetcatalog; path = Assets.xcassets; sourceTree = "<group>"; };
		41A528B31DE6F9BF0041B675 /* Base */ = {isa = PBXFileReference; lastKnownFileType = file.storyboard; name = Base; path = Base.lproj/LaunchScreen.storyboard; sourceTree = "<group>"; };
		41A528B51DE6F9BF0041B675 /* Info.plist */ = {isa = PBXFileReference; lastKnownFileType = text.plist.xml; path = Info.plist; sourceTree = "<group>"; };
		41A528BB1DE6FAEC0041B675 /* Localizable.strings */ = {isa = PBXFileReference; fileEncoding = 4; lastKnownFileType = text.plist.strings; path = Localizable.strings; sourceTree = "<group>"; };
		41A528C01DE6FC210041B675 /* NavigationController.swift */ = {isa = PBXFileReference; fileEncoding = 4; lastKnownFileType = sourcecode.swift; path = NavigationController.swift; sourceTree = "<group>"; };
		41A528C21DE6FCCB0041B675 /* Navigation.xib */ = {isa = PBXFileReference; fileEncoding = 4; lastKnownFileType = file.xib; path = Navigation.xib; sourceTree = "<group>"; };
		41A528CC1DE738AE0041B675 /* MediaController.swift */ = {isa = PBXFileReference; fileEncoding = 4; lastKnownFileType = sourcecode.swift; path = MediaController.swift; sourceTree = "<group>"; };
		41A528CE1DE739100041B675 /* Media.xib */ = {isa = PBXFileReference; fileEncoding = 4; lastKnownFileType = file.xib; path = Media.xib; sourceTree = "<group>"; };
		41A528D01DE739190041B675 /* MediaCell.xib */ = {isa = PBXFileReference; fileEncoding = 4; lastKnownFileType = file.xib; path = MediaCell.xib; sourceTree = "<group>"; };
		41A528D21DE739970041B675 /* MediaCellController.swift */ = {isa = PBXFileReference; fileEncoding = 4; lastKnownFileType = sourcecode.swift; path = MediaCellController.swift; sourceTree = "<group>"; };
		41A528D41DE875490041B675 /* Sound.swift */ = {isa = PBXFileReference; fileEncoding = 4; lastKnownFileType = sourcecode.swift; path = Sound.swift; sourceTree = "<group>"; };
		41A528D61DE8985F0041B675 /* AVFoundation.framework */ = {isa = PBXFileReference; lastKnownFileType = wrapper.framework; name = AVFoundation.framework; path = System/Library/Frameworks/AVFoundation.framework; sourceTree = SDKROOT; };
		41A528D81DEB56100041B675 /* UploadController.swift */ = {isa = PBXFileReference; fileEncoding = 4; lastKnownFileType = sourcecode.swift; path = UploadController.swift; sourceTree = "<group>"; };
		41A528DA1DEB561B0041B675 /* Upload.xib */ = {isa = PBXFileReference; fileEncoding = 4; lastKnownFileType = file.xib; path = Upload.xib; sourceTree = "<group>"; };
		681D5E76FC0B9E91F682AEC1 /* Pods-SmartMedia.release.xcconfig */ = {isa = PBXFileReference; includeInIndex = 1; lastKnownFileType = text.xcconfig; name = "Pods-SmartMedia.release.xcconfig"; path = "Pods/Target Support Files/Pods-SmartMedia/Pods-SmartMedia.release.xcconfig"; sourceTree = "<group>"; };
		BF39B7F5FC81AE876F247F00 /* Pods_SmartMedia.framework */ = {isa = PBXFileReference; explicitFileType = wrapper.framework; includeInIndex = 0; path = Pods_SmartMedia.framework; sourceTree = BUILT_PRODUCTS_DIR; };
		F8F348DC7CA5E4EA5E41816C /* Pods-SmartMedia.debug.xcconfig */ = {isa = PBXFileReference; includeInIndex = 1; lastKnownFileType = text.xcconfig; name = "Pods-SmartMedia.debug.xcconfig"; path = "Pods/Target Support Files/Pods-SmartMedia/Pods-SmartMedia.debug.xcconfig"; sourceTree = "<group>"; };
/* End PBXFileReference section */

/* Begin PBXFrameworksBuildPhase section */
		414682C61E20FFE500A71CD1 /* Frameworks */ = {
			isa = PBXFrameworksBuildPhase;
			buildActionMask = 2147483647;
			files = (
			);
			runOnlyForDeploymentPostprocessing = 0;
		};
		41A528A31DE6F9BF0041B675 /* Frameworks */ = {
			isa = PBXFrameworksBuildPhase;
			buildActionMask = 2147483647;
			files = (
				41A528D71DE8985F0041B675 /* AVFoundation.framework in Frameworks */,
				4C3B040783AFE0D2A4075F64 /* Pods_SmartMedia.framework in Frameworks */,
			);
			runOnlyForDeploymentPostprocessing = 0;
		};
/* End PBXFrameworksBuildPhase section */

/* Begin PBXGroup section */
		414682C11E20FF2900A71CD1 /* Beans */ = {
			isa = PBXGroup;
			children = (
				41A528D41DE875490041B675 /* Sound.swift */,
			);
			name = Beans;
			sourceTree = "<group>";
		};
		414682CA1E20FFE500A71CD1 /* SmartMediaTests */ = {
			isa = PBXGroup;
			children = (
				414682CB1E20FFE500A71CD1 /* SmartMediaTests.swift */,
				414682CD1E20FFE500A71CD1 /* Info.plist */,
			);
			path = SmartMediaTests;
			sourceTree = "<group>";
		};
		414682D31E215F3200A71CD1 /* Utils */ = {
			isa = PBXGroup;
			children = (
				414682D41E215F4B00A71CD1 /* Constants.swift */,
			);
			name = Utils;
			sourceTree = "<group>";
		};
		41A5289D1DE6F9BF0041B675 = {
			isa = PBXGroup;
			children = (
				41A528A81DE6F9BF0041B675 /* SmartMedia */,
				414682CA1E20FFE500A71CD1 /* SmartMediaTests */,
				41A528A71DE6F9BF0041B675 /* Products */,
				5715FB4175183192673A25C8 /* Pods */,
				A79AE465893AB6E0EF97D9E7 /* Frameworks */,
			);
			sourceTree = "<group>";
		};
		41A528A71DE6F9BF0041B675 /* Products */ = {
			isa = PBXGroup;
			children = (
				41A528A61DE6F9BF0041B675 /* SmartMedia.app */,
				414682C91E20FFE500A71CD1 /* SmartMediaTests.xctest */,
			);
			name = Products;
			sourceTree = "<group>";
		};
		41A528A81DE6F9BF0041B675 /* SmartMedia */ = {
			isa = PBXGroup;
			children = (
				414682D31E215F3200A71CD1 /* Utils */,
				414682C11E20FF2900A71CD1 /* Beans */,
				41A528BE1DE6FB950041B675 /* Extension */,
				41A528BF1DE6FBD00041B675 /* View */,
				41A528BD1DE6FB8E0041B675 /* Controller */,
				41A528A91DE6F9BF0041B675 /* AppDelegate.swift */,
				41A528B01DE6F9BF0041B675 /* Assets.xcassets */,
				41A528B21DE6F9BF0041B675 /* LaunchScreen.storyboard */,
				41A528B51DE6F9BF0041B675 /* Info.plist */,
				41A528BB1DE6FAEC0041B675 /* Localizable.strings */,
			);
			path = SmartMedia;
			sourceTree = "<group>";
		};
		41A528BD1DE6FB8E0041B675 /* Controller */ = {
			isa = PBXGroup;
			children = (
				41A528C01DE6FC210041B675 /* NavigationController.swift */,
				41A528D21DE739970041B675 /* MediaCellController.swift */,
				41A528CC1DE738AE0041B675 /* MediaController.swift */,
				41A528D81DEB56100041B675 /* UploadController.swift */,
			);
			name = Controller;
			sourceTree = "<group>";
		};
		41A528BE1DE6FB950041B675 /* Extension */ = {
			isa = PBXGroup;
			children = (
			);
			name = Extension;
			sourceTree = "<group>";
		};
		41A528BF1DE6FBD00041B675 /* View */ = {
			isa = PBXGroup;
			children = (
				41A528C21DE6FCCB0041B675 /* Navigation.xib */,
				41A528CE1DE739100041B675 /* Media.xib */,
				41A528D01DE739190041B675 /* MediaCell.xib */,
				41A528DA1DEB561B0041B675 /* Upload.xib */,
			);
			name = View;
			sourceTree = "<group>";
		};
		5715FB4175183192673A25C8 /* Pods */ = {
			isa = PBXGroup;
			children = (
				F8F348DC7CA5E4EA5E41816C /* Pods-SmartMedia.debug.xcconfig */,
				681D5E76FC0B9E91F682AEC1 /* Pods-SmartMedia.release.xcconfig */,
			);
			name = Pods;
			sourceTree = "<group>";
		};
		A79AE465893AB6E0EF97D9E7 /* Frameworks */ = {
			isa = PBXGroup;
			children = (
				41A528D61DE8985F0041B675 /* AVFoundation.framework */,
				BF39B7F5FC81AE876F247F00 /* Pods_SmartMedia.framework */,
			);
			name = Frameworks;
			sourceTree = "<group>";
		};
/* End PBXGroup section */

/* Begin PBXNativeTarget section */
		414682C81E20FFE500A71CD1 /* SmartMediaTests */ = {
			isa = PBXNativeTarget;
			buildConfigurationList = 414682D01E20FFE500A71CD1 /* Build configuration list for PBXNativeTarget "SmartMediaTests" */;
			buildPhases = (
				414682C51E20FFE500A71CD1 /* Sources */,
				414682C61E20FFE500A71CD1 /* Frameworks */,
				414682C71E20FFE500A71CD1 /* Resources */,
			);
			buildRules = (
			);
			dependencies = (
				414682CF1E20FFE500A71CD1 /* PBXTargetDependency */,
			);
			name = SmartMediaTests;
			productName = SmartMediaTests;
			productReference = 414682C91E20FFE500A71CD1 /* SmartMediaTests.xctest */;
			productType = "com.apple.product-type.bundle.unit-test";
		};
		41A528A51DE6F9BF0041B675 /* SmartMedia */ = {
			isa = PBXNativeTarget;
			buildConfigurationList = 41A528B81DE6F9BF0041B675 /* Build configuration list for PBXNativeTarget "SmartMedia" */;
			buildPhases = (
				4AFC0329CDC49F58E2E5ACA5 /* [CP] Check Pods Manifest.lock */,
				41A528A21DE6F9BF0041B675 /* Sources */,
				41A528A31DE6F9BF0041B675 /* Frameworks */,
				41A528A41DE6F9BF0041B675 /* Resources */,
				687B3A6625733514537959FF /* [CP] Embed Pods Frameworks */,
				951A83AC6B742F38CBAEA685 /* [CP] Copy Pods Resources */,
			);
			buildRules = (
			);
			dependencies = (
			);
			name = SmartMedia;
			productName = SmartMedia;
			productReference = 41A528A61DE6F9BF0041B675 /* SmartMedia.app */;
			productType = "com.apple.product-type.application";
		};
/* End PBXNativeTarget section */

/* Begin PBXProject section */
		41A5289E1DE6F9BF0041B675 /* Project object */ = {
			isa = PBXProject;
			attributes = {
				LastSwiftUpdateCheck = 0820;
				LastUpgradeCheck = 0810;
				ORGANIZATIONNAME = antoine.soulier;
				TargetAttributes = {
					414682C81E20FFE500A71CD1 = {
						CreatedOnToolsVersion = 8.2;
						ProvisioningStyle = Automatic;
						TestTargetID = 41A528A51DE6F9BF0041B675;
					};
					41A528A51DE6F9BF0041B675 = {
						CreatedOnToolsVersion = 8.1;
						ProvisioningStyle = Automatic;
					};
				};
			};
			buildConfigurationList = 41A528A11DE6F9BF0041B675 /* Build configuration list for PBXProject "SmartMedia" */;
			compatibilityVersion = "Xcode 3.2";
			developmentRegion = English;
			hasScannedForEncodings = 0;
			knownRegions = (
				en,
				Base,
			);
			mainGroup = 41A5289D1DE6F9BF0041B675;
			productRefGroup = 41A528A71DE6F9BF0041B675 /* Products */;
			projectDirPath = "";
			projectRoot = "";
			targets = (
				41A528A51DE6F9BF0041B675 /* SmartMedia */,
				414682C81E20FFE500A71CD1 /* SmartMediaTests */,
			);
		};
/* End PBXProject section */

/* Begin PBXResourcesBuildPhase section */
		414682C71E20FFE500A71CD1 /* Resources */ = {
			isa = PBXResourcesBuildPhase;
			buildActionMask = 2147483647;
			files = (
			);
			runOnlyForDeploymentPostprocessing = 0;
		};
		41A528A41DE6F9BF0041B675 /* Resources */ = {
			isa = PBXResourcesBuildPhase;
			buildActionMask = 2147483647;
			files = (
				41A528B41DE6F9BF0041B675 /* LaunchScreen.storyboard in Resources */,
				41A528D11DE739190041B675 /* MediaCell.xib in Resources */,
				41A528B11DE6F9BF0041B675 /* Assets.xcassets in Resources */,
				41A528DD1DEB5F810041B675 /* Localizable.strings in Resources */,
				41A528CF1DE739100041B675 /* Media.xib in Resources */,
				41A528DB1DEB561B0041B675 /* Upload.xib in Resources */,
				41A528C31DE6FCCB0041B675 /* Navigation.xib in Resources */,
			);
			runOnlyForDeploymentPostprocessing = 0;
		};
/* End PBXResourcesBuildPhase section */

/* Begin PBXShellScriptBuildPhase section */
		4AFC0329CDC49F58E2E5ACA5 /* [CP] Check Pods Manifest.lock */ = {
			isa = PBXShellScriptBuildPhase;
			buildActionMask = 2147483647;
			files = (
			);
			inputPaths = (
			);
			name = "[CP] Check Pods Manifest.lock";
			outputPaths = (
			);
			runOnlyForDeploymentPostprocessing = 0;
			shellPath = /bin/sh;
			shellScript = "diff \"${PODS_ROOT}/../Podfile.lock\" \"${PODS_ROOT}/Manifest.lock\" > /dev/null\nif [ $? != 0 ] ; then\n    # print error to STDERR\n    echo \"error: The sandbox is not in sync with the Podfile.lock. Run 'pod install' or update your CocoaPods installation.\" >&2\n    exit 1\nfi\n";
			showEnvVarsInLog = 0;
		};
		687B3A6625733514537959FF /* [CP] Embed Pods Frameworks */ = {
			isa = PBXShellScriptBuildPhase;
			buildActionMask = 2147483647;
			files = (
			);
			inputPaths = (
			);
			name = "[CP] Embed Pods Frameworks";
			outputPaths = (
			);
			runOnlyForDeploymentPostprocessing = 0;
			shellPath = /bin/sh;
			shellScript = "\"${SRCROOT}/Pods/Target Support Files/Pods-SmartMedia/Pods-SmartMedia-frameworks.sh\"\n";
			showEnvVarsInLog = 0;
		};
		951A83AC6B742F38CBAEA685 /* [CP] Copy Pods Resources */ = {
			isa = PBXShellScriptBuildPhase;
			buildActionMask = 2147483647;
			files = (
			);
			inputPaths = (
			);
			name = "[CP] Copy Pods Resources";
			outputPaths = (
			);
			runOnlyForDeploymentPostprocessing = 0;
			shellPath = /bin/sh;
			shellScript = "\"${SRCROOT}/Pods/Target Support Files/Pods-SmartMedia/Pods-SmartMedia-resources.sh\"\n";
			showEnvVarsInLog = 0;
		};
/* End PBXShellScriptBuildPhase section */

/* Begin PBXSourcesBuildPhase section */
		414682C51E20FFE500A71CD1 /* Sources */ = {
			isa = PBXSourcesBuildPhase;
			buildActionMask = 2147483647;
			files = (
				414682CC1E20FFE500A71CD1 /* SmartMediaTests.swift in Sources */,
			);
			runOnlyForDeploymentPostprocessing = 0;
		};
		41A528A21DE6F9BF0041B675 /* Sources */ = {
			isa = PBXSourcesBuildPhase;
			buildActionMask = 2147483647;
			files = (
				41A528D51DE875490041B675 /* Sound.swift in Sources */,
				41A528D31DE739970041B675 /* MediaCellController.swift in Sources */,
				41A528D91DEB56100041B675 /* UploadController.swift in Sources */,
				41A528CD1DE738AE0041B675 /* MediaController.swift in Sources */,
				414682D51E215F4B00A71CD1 /* Constants.swift in Sources */,
				41A528AA1DE6F9BF0041B675 /* AppDelegate.swift in Sources */,
				41A528C11DE6FC210041B675 /* NavigationController.swift in Sources */,
			);
			runOnlyForDeploymentPostprocessing = 0;
		};
/* End PBXSourcesBuildPhase section */

/* Begin PBXTargetDependency section */
		414682CF1E20FFE500A71CD1 /* PBXTargetDependency */ = {
			isa = PBXTargetDependency;
			target = 41A528A51DE6F9BF0041B675 /* SmartMedia */;
			targetProxy = 414682CE1E20FFE500A71CD1 /* PBXContainerItemProxy */;
		};
/* End PBXTargetDependency section */

/* Begin PBXVariantGroup section */
		41A528B21DE6F9BF0041B675 /* LaunchScreen.storyboard */ = {
			isa = PBXVariantGroup;
			children = (
				41A528B31DE6F9BF0041B675 /* Base */,
			);
			name = LaunchScreen.storyboard;
			sourceTree = "<group>";
		};
/* End PBXVariantGroup section */

/* Begin XCBuildConfiguration section */
		414682D11E20FFE500A71CD1 /* Debug */ = {
			isa = XCBuildConfiguration;
			buildSettings = {
				BUNDLE_LOADER = "$(TEST_HOST)";
				INFOPLIST_FILE = SmartMediaTests/Info.plist;
				IPHONEOS_DEPLOYMENT_TARGET = 10.2;
				LD_RUNPATH_SEARCH_PATHS = "$(inherited) @executable_path/Frameworks @loader_path/Frameworks";
				PRODUCT_BUNDLE_IDENTIFIER = com.antoine.soulier.SmartMediaTests;
				PRODUCT_NAME = "$(TARGET_NAME)";
				SWIFT_VERSION = 3.0;
				TEST_HOST = "$(BUILT_PRODUCTS_DIR)/SmartMedia.app/SmartMedia";
			};
			name = Debug;
		};
		414682D21E20FFE500A71CD1 /* Release */ = {
			isa = XCBuildConfiguration;
			buildSettings = {
				BUNDLE_LOADER = "$(TEST_HOST)";
				INFOPLIST_FILE = SmartMediaTests/Info.plist;
				IPHONEOS_DEPLOYMENT_TARGET = 10.2;
				LD_RUNPATH_SEARCH_PATHS = "$(inherited) @executable_path/Frameworks @loader_path/Frameworks";
				PRODUCT_BUNDLE_IDENTIFIER = com.antoine.soulier.SmartMediaTests;
				PRODUCT_NAME = "$(TARGET_NAME)";
				SWIFT_VERSION = 3.0;
				TEST_HOST = "$(BUILT_PRODUCTS_DIR)/SmartMedia.app/SmartMedia";
			};
			name = Release;
		};
		41A528B61DE6F9BF0041B675 /* Debug */ = {
			isa = XCBuildConfiguration;
			buildSettings = {
				ALWAYS_SEARCH_USER_PATHS = NO;
				CLANG_ANALYZER_NONNULL = YES;
				CLANG_CXX_LANGUAGE_STANDARD = "gnu++0x";
				CLANG_CXX_LIBRARY = "libc++";
				CLANG_ENABLE_MODULES = YES;
				CLANG_ENABLE_OBJC_ARC = YES;
				CLANG_WARN_BOOL_CONVERSION = YES;
				CLANG_WARN_CONSTANT_CONVERSION = YES;
				CLANG_WARN_DIRECT_OBJC_ISA_USAGE = YES_ERROR;
				CLANG_WARN_DOCUMENTATION_COMMENTS = YES;
				CLANG_WARN_EMPTY_BODY = YES;
				CLANG_WARN_ENUM_CONVERSION = YES;
				CLANG_WARN_INFINITE_RECURSION = YES;
				CLANG_WARN_INT_CONVERSION = YES;
				CLANG_WARN_OBJC_ROOT_CLASS = YES_ERROR;
				CLANG_WARN_SUSPICIOUS_MOVE = YES;
				CLANG_WARN_SUSPICIOUS_MOVES = YES;
				CLANG_WARN_UNREACHABLE_CODE = YES;
				CLANG_WARN__DUPLICATE_METHOD_MATCH = YES;
				"CODE_SIGN_IDENTITY[sdk=iphoneos*]" = "iPhone Developer";
				COPY_PHASE_STRIP = NO;
				DEBUG_INFORMATION_FORMAT = dwarf;
				ENABLE_STRICT_OBJC_MSGSEND = YES;
				ENABLE_TESTABILITY = YES;
				GCC_C_LANGUAGE_STANDARD = gnu99;
				GCC_DYNAMIC_NO_PIC = NO;
				GCC_NO_COMMON_BLOCKS = YES;
				GCC_OPTIMIZATION_LEVEL = 0;
				GCC_PREPROCESSOR_DEFINITIONS = (
					"DEBUG=1",
					"$(inherited)",
				);
				GCC_WARN_64_TO_32_BIT_CONVERSION = YES;
				GCC_WARN_ABOUT_RETURN_TYPE = YES_ERROR;
				GCC_WARN_UNDECLARED_SELECTOR = YES;
				GCC_WARN_UNINITIALIZED_AUTOS = YES_AGGRESSIVE;
				GCC_WARN_UNUSED_FUNCTION = YES;
				GCC_WARN_UNUSED_VARIABLE = YES;
				IPHONEOS_DEPLOYMENT_TARGET = 10.1;
				MTL_ENABLE_DEBUG_INFO = YES;
				ONLY_ACTIVE_ARCH = YES;
				SDKROOT = iphoneos;
				SWIFT_ACTIVE_COMPILATION_CONDITIONS = DEBUG;
				SWIFT_OPTIMIZATION_LEVEL = "-Onone";
			};
			name = Debug;
		};
		41A528B71DE6F9BF0041B675 /* Release */ = {
			isa = XCBuildConfiguration;
			buildSettings = {
				ALWAYS_SEARCH_USER_PATHS = NO;
				CLANG_ANALYZER_NONNULL = YES;
				CLANG_CXX_LANGUAGE_STANDARD = "gnu++0x";
				CLANG_CXX_LIBRARY = "libc++";
				CLANG_ENABLE_MODULES = YES;
				CLANG_ENABLE_OBJC_ARC = YES;
				CLANG_WARN_BOOL_CONVERSION = YES;
				CLANG_WARN_CONSTANT_CONVERSION = YES;
				CLANG_WARN_DIRECT_OBJC_ISA_USAGE = YES_ERROR;
				CLANG_WARN_DOCUMENTATION_COMMENTS = YES;
				CLANG_WARN_EMPTY_BODY = YES;
				CLANG_WARN_ENUM_CONVERSION = YES;
				CLANG_WARN_INFINITE_RECURSION = YES;
				CLANG_WARN_INT_CONVERSION = YES;
				CLANG_WARN_OBJC_ROOT_CLASS = YES_ERROR;
				CLANG_WARN_SUSPICIOUS_MOVE = YES;
				CLANG_WARN_SUSPICIOUS_MOVES = YES;
				CLANG_WARN_UNREACHABLE_CODE = YES;
				CLANG_WARN__DUPLICATE_METHOD_MATCH = YES;
				"CODE_SIGN_IDENTITY[sdk=iphoneos*]" = "iPhone Developer";
				COPY_PHASE_STRIP = NO;
				DEBUG_INFORMATION_FORMAT = "dwarf-with-dsym";
				ENABLE_NS_ASSERTIONS = NO;
				ENABLE_STRICT_OBJC_MSGSEND = YES;
				GCC_C_LANGUAGE_STANDARD = gnu99;
				GCC_NO_COMMON_BLOCKS = YES;
				GCC_WARN_64_TO_32_BIT_CONVERSION = YES;
				GCC_WARN_ABOUT_RETURN_TYPE = YES_ERROR;
				GCC_WARN_UNDECLARED_SELECTOR = YES;
				GCC_WARN_UNINITIALIZED_AUTOS = YES_AGGRESSIVE;
				GCC_WARN_UNUSED_FUNCTION = YES;
				GCC_WARN_UNUSED_VARIABLE = YES;
				IPHONEOS_DEPLOYMENT_TARGET = 10.1;
				MTL_ENABLE_DEBUG_INFO = NO;
				SDKROOT = iphoneos;
				SWIFT_OPTIMIZATION_LEVEL = "-Owholemodule";
				VALIDATE_PRODUCT = YES;
			};
			name = Release;
		};
		41A528B91DE6F9BF0041B675 /* Debug */ = {
			isa = XCBuildConfiguration;
			baseConfigurationReference = F8F348DC7CA5E4EA5E41816C /* Pods-SmartMedia.debug.xcconfig */;
			buildSettings = {
				ALWAYS_EMBED_SWIFT_STANDARD_LIBRARIES = YES;
				ASSETCATALOG_COMPILER_APPICON_NAME = AppIcon;
				INFOPLIST_FILE = SmartMedia/Info.plist;
				LD_RUNPATH_SEARCH_PATHS = "$(inherited) @executable_path/Frameworks";
				PRODUCT_BUNDLE_IDENTIFIER = com.antoine.soulier.SmartMedia;
				PRODUCT_NAME = "$(TARGET_NAME)";
				SWIFT_VERSION = 3.0;
			};
			name = Debug;
		};
		41A528BA1DE6F9BF0041B675 /* Release */ = {
			isa = XCBuildConfiguration;
			baseConfigurationReference = 681D5E76FC0B9E91F682AEC1 /* Pods-SmartMedia.release.xcconfig */;
			buildSettings = {
				ALWAYS_EMBED_SWIFT_STANDARD_LIBRARIES = YES;
				ASSETCATALOG_COMPILER_APPICON_NAME = AppIcon;
				INFOPLIST_FILE = SmartMedia/Info.plist;
				LD_RUNPATH_SEARCH_PATHS = "$(inherited) @executable_path/Frameworks";
				PRODUCT_BUNDLE_IDENTIFIER = com.antoine.soulier.SmartMedia;
				PRODUCT_NAME = "$(TARGET_NAME)";
				SWIFT_VERSION = 3.0;
			};
			name = Release;
		};
/* End XCBuildConfiguration section */

/* Begin XCConfigurationList section */
		414682D01E20FFE500A71CD1 /* Build configuration list for PBXNativeTarget "SmartMediaTests" */ = {
			isa = XCConfigurationList;
			buildConfigurations = (
				414682D11E20FFE500A71CD1 /* Debug */,
				414682D21E20FFE500A71CD1 /* Release */,
			);
			defaultConfigurationIsVisible = 0;
			defaultConfigurationName = Release;
		};
		41A528A11DE6F9BF0041B675 /* Build configuration list for PBXProject "SmartMedia" */ = {
			isa = XCConfigurationList;
			buildConfigurations = (
				41A528B61DE6F9BF0041B675 /* Debug */,
				41A528B71DE6F9BF0041B675 /* Release */,
			);
			defaultConfigurationIsVisible = 0;
			defaultConfigurationName = Release;
		};
		41A528B81DE6F9BF0041B675 /* Build configuration list for PBXNativeTarget "SmartMedia" */ = {
			isa = XCConfigurationList;
			buildConfigurations = (
				41A528B91DE6F9BF0041B675 /* Debug */,
				41A528BA1DE6F9BF0041B675 /* Release */,
			);
			defaultConfigurationIsVisible = 0;
			defaultConfigurationName = Release;
		};
/* End XCConfigurationList section */
	};
	rootObject = 41A5289E1DE6F9BF0041B675 /* Project object */;
}
